
Microsoft Visual Studio Solution File, Format Version 12.00
# Visual Studio Version 17
VisualStudioVersion = 17.11.35312.102
MinimumVisualStudioVersion = 10.0.40219.1
Project("{9A19103F-16F7-4668-BE54-9A1E7A4F7556}") = "ONNXAIBlazorApp", "ONNXAIBlazorApp\ONNXAIBlazorApp.csproj", "{1258FCE8-1F02-4C53-809E-F3FF9C02A65B}"
EndProject
Global
	GlobalSection(SolutionConfigurationPlatforms) = preSolution
		Debug|Any CPU = Debug|Any CPU
		Release|Any CPU = Release|Any CPU
	EndGlobalSection
	GlobalSection(ProjectConfigurationPlatforms) = postSolution
		{1258FCE8-1F02-4C53-809E-F3FF9C02A65B}.Debug|Any CPU.ActiveCfg = Debug|Any CPU
		{1258FCE8-1F02-4C53-809E-F3FF9C02A65B}.Debug|Any CPU.Build.0 = Debug|Any CPU
		{1258FCE8-1F02-4C53-809E-F3FF9C02A65B}.Release|Any CPU.ActiveCfg = Release|Any CPU
		{1258FCE8-1F02-4C53-809E-F3FF9C02A65B}.Release|Any CPU.Build.0 = Release|Any CPU
	EndGlobalSection
	GlobalSection(SolutionProperties) = preSolution
		HideSolutionNode = FALSE
	EndGlobalSection
	GlobalSection(ExtensibilityGlobals) = postSolution
		SolutionGuid = {46DEC87C-9AAF-4587-903C-5DB6761BF49E}
	EndGlobalSection
EndGlobal
